{
  "name": "campussphere-monorepo",
  "version": "1.0.0",
  "lockfileVersion": 3,
  "requires": true,
  "packages": {
    "": {
      "name": "campussphere-monorepo",
      "version": "1.0.0",
      "license": "UNLICENSED",
      "devDependencies": {
        "concurrently": "^8.2.2",
        "typescript": "^5.3.3"
      },
      "workspaces": [
        "apps/*",
        "packages/*"
      ]
    },
    "node_modules/concurrently": {
      "version": "8.2.2",
      "resolved": "https://registry.npmjs.org/concurrently/-/concurrently-8.2.2.tgz",
      "integrity": "sha512-1dP4QAFQFzdTzKm/21d39y4QPOuEt9aWzyfZ9YKcOUgk/OPqnQbv9bPNmK07TX619dVnVV3wfcNiSc6z0ocORw==",
      "dev": true,
      "engines": {
        "node": "^14.13.0 || >=16.0.0"
      }
    },
    "node_modules/typescript": {
      "version": "5.3.3",
      "resolved": "https://registry.npmjs.org/typescript/-/typescript-5.3.3.tgz",
      "integrity": "sha512-pXWcraxM0uxAS+tN0AG/BF2TyqmHO93PnNWbKnLEstpb5bFWAP0EDOiEFDmODLeWg45YXJwyhPchUe42DGhQsQ==",
      "dev": true,
      "bin": {
        "tsc": "bin/tsc",
        "tsserver": "bin/tsserver"
      },
      "engines": {
        "node": ">=14.17"
      }
    }
  }
}
